
Microsoft Visual Studio Solution File, Format Version 12.00
# Visual Studio Version 16
VisualStudioVersion = 16.0.31613.86
MinimumVisualStudioVersion = 10.0.40219.1
Project("{FAE04EC0-301F-11D3-BF4B-00C04F79EFBC}") = "QuiltProject", "QuiltProject\QuiltProject.csproj", "{B6879A8B-7C0D-4814-965F-A98653CFD176}"
EndProject
Global
	GlobalSection(SolutionConfigurationPlatforms) = preSolution
		Debug|Any CPU = Debug|Any CPU
		Release|Any CPU = Release|Any CPU
	EndGlobalSection
	GlobalSection(ProjectConfigurationPlatforms) = postSolution
		{B6879A8B-7C0D-4814-965F-A98653CFD176}.Debug|Any CPU.ActiveCfg = Debug|Any CPU
		{B6879A8B-7C0D-4814-965F-A98653CFD176}.Debug|Any CPU.Build.0 = Debug|Any CPU
		{B6879A8B-7C0D-4814-965F-A98653CFD176}.Release|Any CPU.ActiveCfg = Release|Any CPU
		{B6879A8B-7C0D-4814-965F-A98653CFD176}.Release|Any CPU.Build.0 = Release|Any CPU
	EndGlobalSection
	GlobalSection(SolutionProperties) = preSolution
		HideSolutionNode = FALSE
	EndGlobalSection
	GlobalSection(ExtensibilityGlobals) = postSolution
		SolutionGuid = {6B0B42FC-0CAD-484B-A027-EC9902F66B69}
	EndGlobalSection
EndGlobal
